
Microsoft Visual Studio Solution File, Format Version 12.00
# Visual Studio Version 16
VisualStudioVersion = 16.0.30711.63
MinimumVisualStudioVersion = 10.0.40219.1
Project("{8BC9CEB8-8B4A-11D0-8D11-00A0C91BC942}") = "Survey_beverage-Lab_5.5", "Survey_beverage-Lab_5.5\Survey_beverage-Lab_5.5.vcxproj", "{6B6D93F4-8918-4FBE-82DC-EC040F911C81}"
EndProject
Global
	GlobalSection(SolutionConfigurationPlatforms) = preSolution
		Debug|x64 = Debug|x64
		Debug|x86 = Debug|x86
		Release|x64 = Release|x64
		Release|x86 = Release|x86
	EndGlobalSection
	GlobalSection(ProjectConfigurationPlatforms) = postSolution
		{6B6D93F4-8918-4FBE-82DC-EC040F911C81}.Debug|x64.ActiveCfg = Debug|x64
		{6B6D93F4-8918-4FBE-82DC-EC040F911C81}.Debug|x64.Build.0 = Debug|x64
		{6B6D93F4-8918-4FBE-82DC-EC040F911C81}.Debug|x86.ActiveCfg = Debug|Win32
		{6B6D93F4-8918-4FBE-82DC-EC040F911C81}.Debug|x86.Build.0 = Debug|Win32
		{6B6D93F4-8918-4FBE-82DC-EC040F911C81}.Release|x64.ActiveCfg = Release|x64
		{6B6D93F4-8918-4FBE-82DC-EC040F911C81}.Release|x64.Build.0 = Release|x64
		{6B6D93F4-8918-4FBE-82DC-EC040F911C81}.Release|x86.ActiveCfg = Release|Win32
		{6B6D93F4-8918-4FBE-82DC-EC040F911C81}.Release|x86.Build.0 = Release|Win32
	EndGlobalSection
	GlobalSection(SolutionProperties) = preSolution
		HideSolutionNode = FALSE
	EndGlobalSection
	GlobalSection(ExtensibilityGlobals) = postSolution
		SolutionGuid = {9D9774A8-0EE2-4418-A9D9-B68D0CF052C6}
	EndGlobalSection
EndGlobal
